
Microsoft Visual Studio Solution File, Format Version 12.00
# Visual Studio Version 17
VisualStudioVersion = 17.8.34330.188
MinimumVisualStudioVersion = 10.0.40219.1
Project("{FAE04EC0-301F-11D3-BF4B-00C04F79EFBC}") = "SocialBookmarkingReborn", "SocialBookmarkingReborn\SocialBookmarkingReborn.csproj", "{5965566D-EF6C-4554-96D3-97FBA3601CF0}"
EndProject
Global
	GlobalSection(SolutionConfigurationPlatforms) = preSolution
		Debug|Any CPU = Debug|Any CPU
		Release|Any CPU = Release|Any CPU
	EndGlobalSection
	GlobalSection(ProjectConfigurationPlatforms) = postSolution
		{5965566D-EF6C-4554-96D3-97FBA3601CF0}.Debug|Any CPU.ActiveCfg = Debug|Any CPU
		{5965566D-EF6C-4554-96D3-97FBA3601CF0}.Debug|Any CPU.Build.0 = Debug|Any CPU
		{5965566D-EF6C-4554-96D3-97FBA3601CF0}.Release|Any CPU.ActiveCfg = Release|Any CPU
		{5965566D-EF6C-4554-96D3-97FBA3601CF0}.Release|Any CPU.Build.0 = Release|Any CPU
	EndGlobalSection
	GlobalSection(SolutionProperties) = preSolution
		HideSolutionNode = FALSE
	EndGlobalSection
	GlobalSection(ExtensibilityGlobals) = postSolution
		SolutionGuid = {6466A4CA-F990-4408-B7CB-063946C0AB22}
	EndGlobalSection
EndGlobal
